{
  "version": 4,
  "terraform_version": "1.3.9",
  "serial": 175,
  "lineage": "07e6983a-72aa-bc9f-1b35-693f260be539",
  "outputs": {
    "jenkins_login_url": {
      "value": "http://138.2.231.203:8080",
      "type": "string"
    },
    "jenkins_public_ip": {
      "value": "138.2.231.203",
      "type": "string"
    }
  },
  "resources": [
    {
      "mode": "data",
      "type": "oci_core_images",
      "name": "controller_image",
      "provider": "provider[\"registry.terraform.io/hashicorp/oci\"]",
      "instances": [
        {
          "schema_version": 0,
          "attributes": {
            "compartment_id": "ocid1.compartment.oc1..aaaaaaaahewepdxpz6mxqootx7xwnjojkafbsgqg7yce4ugc2kmf6jxdzj5a",
            "display_name": null,
            "filter": [
              {
                "name": "display_name",
                "regex": true,
                "values": [
                  "^.*Oracle[^G]*$"
                ]
              }
            ],
            "id": "CoreImagesDataSource-3316964907",
            "images": [
              {
                "agent_features": [],
                "base_image_id": "",
                "billable_size_in_gbs": "6",
                "compartment_id": "",
                "create_image_allowed": true,
                "defined_tags": {},
                "display_name": "Oracle-Linux-7.9-2023.01.31-2",
                "freeform_tags": {},
                "id": "ocid1.image.oc1.us-sanjose-1.aaaaaaaachj7mbuwlfxue7fasbs4sjblqz3lmjwujyunrcwy3w6n5sdz2s4a",
                "image_source_details": [],
                "instance_id": "",
                "launch_mode": "NATIVE",
                "launch_options": [
                  {
                    "boot_volume_type": "PARAVIRTUALIZED",
                    "firmware": "UEFI_64",
                    "is_consistent_volume_naming_enabled": true,
                    "is_pv_encryption_in_transit_enabled": true,
                    "network_type": "PARAVIRTUALIZED",
                    "remote_data_volume_type": "PARAVIRTUALIZED"
                  }
                ],
                "listing_type": "",
                "operating_system": "Oracle Linux",
                "operating_system_version": "7.9",
                "size_in_mbs": "47694",
                "state": "AVAILABLE",
                "time_created": "2023-02-07 20:30:56.976 +0000 UTC"
              },
              {
                "agent_features": [],
                "base_image_id": "",
                "billable_size_in_gbs": "6",
                "compartment_id": "",
                "create_image_allowed": true,
                "defined_tags": {},
                "display_name": "Oracle-Linux-7.9-2022.12.15-0",
                "freeform_tags": {},
                "id": "ocid1.image.oc1.us-sanjose-1.aaaaaaaamlmwj55imlnrketefz3ezelz437n3jbtnb6voczbfij5cav6oxaa",
                "image_source_details": [],
                "instance_id": "",
                "launch_mode": "NATIVE",
                "launch_options": [
                  {
                    "boot_volume_type": "PARAVIRTUALIZED",
                    "firmware": "UEFI_64",
                    "is_consistent_volume_naming_enabled": true,
                    "is_pv_encryption_in_transit_enabled": true,
                    "network_type": "PARAVIRTUALIZED",
                    "remote_data_volume_type": "PARAVIRTUALIZED"
                  }
                ],
                "listing_type": "",
                "operating_system": "Oracle Linux",
                "operating_system_version": "7.9",
                "size_in_mbs": "47694",
                "state": "AVAILABLE",
                "time_created": "2022-12-20 15:35:16.671 +0000 UTC"
              },
              {
                "agent_features": [],
                "base_image_id": "",
                "billable_size_in_gbs": "5",
                "compartment_id": "",
                "create_image_allowed": true,
                "defined_tags": {},
                "display_name": "Oracle-Linux-7.9-2022.11.21-0",
                "freeform_tags": {},
                "id": "ocid1.image.oc1.us-sanjose-1.aaaaaaaa6ovlfukdpgb3vfpkcg7dndmiqejgfvc6boqzzllykss63w4e3zgq",
                "image_source_details": [],
                "instance_id": "",
                "launch_mode": "NATIVE",
                "launch_options": [
                  {
                    "boot_volume_type": "PARAVIRTUALIZED",
                    "firmware": "UEFI_64",
                    "is_consistent_volume_naming_enabled": true,
                    "is_pv_encryption_in_transit_enabled": true,
                    "network_type": "PARAVIRTUALIZED",
                    "remote_data_volume_type": "PARAVIRTUALIZED"
                  }
                ],
                "listing_type": "",
                "operating_system": "Oracle Linux",
                "operating_system_version": "7.9",
                "size_in_mbs": "47694",
                "state": "AVAILABLE",
                "time_created": "2022-12-05 14:37:22.076 +0000 UTC"
              }
            ],
            "operating_system": "Oracle Linux",
            "operating_system_version": "7.9",
            "shape": "VM.Standard.E3.Flex",
            "sort_by": null,
            "sort_order": null,
            "state": null
          },
          "sensitive_attributes": []
        }
      ]
    },
    {
      "mode": "data",
      "type": "oci_identity_availability_domains",
      "name": "ad",
      "provider": "provider[\"registry.terraform.io/hashicorp/oci\"]",
      "instances": [
        {
          "schema_version": 0,
          "attributes": {
            "availability_domains": [
              {
                "compartment_id": "ocid1.tenancy.oc1..aaaaaaaahugs3yg2bfyfzg7v4hsopl5fxh3tgkg55ea2kqbeawc7bnkkhmoa",
                "id": "ocid1.availabilitydomain.oc1..aaaaaaaavi2wyd6rjjffu5nzgb3gjq4thy46k7sgw5ibh7mu5sq5fyie6t5a",
                "name": "PdLJ:US-SANJOSE-1-AD-1"
              }
            ],
            "compartment_id": "ocid1.tenancy.oc1..aaaaaaaahugs3yg2bfyfzg7v4hsopl5fxh3tgkg55ea2kqbeawc7bnkkhmoa",
            "filter": null,
            "id": "IdentityAvailabilityDomainsDataSource-3822199303"
          },
          "sensitive_attributes": []
        }
      ]
    },
    {
      "mode": "data",
      "type": "template_file",
      "name": "ad_names",
      "provider": "provider[\"registry.terraform.io/hashicorp/template\"]",
      "instances": [
        {
          "index_key": 0,
          "schema_version": 0,
          "attributes": {
            "filename": null,
            "id": "2662c19a3b4ec0c639c96c832efa6c5f25c843a459bf144d61591e39e91db6cb",
            "rendered": "PdLJ:US-SANJOSE-1-AD-1",
            "template": "PdLJ:US-SANJOSE-1-AD-1",
            "vars": null
          },
          "sensitive_attributes": []
        }
      ]
    },
    {
      "mode": "managed",
      "type": "oci_core_internet_gateway",
      "name": "JenkinsIG",
      "provider": "provider[\"registry.terraform.io/hashicorp/oci\"]",
      "instances": [
        {
          "schema_version": 0,
          "attributes": {
            "compartment_id": "ocid1.compartment.oc1..aaaaaaaahewepdxpz6mxqootx7xwnjojkafbsgqg7yce4ugc2kmf6jxdzj5a",
            "defined_tags": {
              "Oracle-Tags.CreatedBy": "default/miguel@doorcounts.com",
              "Oracle-Tags.CreatedOn": "2023-03-21T18:14:39.586Z"
            },
            "display_name": "JenkinsIG",
            "enabled": true,
            "freeform_tags": {},
            "id": "ocid1.internetgateway.oc1.us-sanjose-1.aaaaaaaa2dwyvsnzdfowcdi2mdovmkc4qwv5bs6rtu7ovpjun6qyx5o5nb2q",
            "route_table_id": null,
            "state": "AVAILABLE",
            "time_created": "2023-03-21 18:14:39.652 +0000 UTC",
            "timeouts": null,
            "vcn_id": "ocid1.vcn.oc1.us-sanjose-1.amaaaaaak6tenaaarywzczuo46yhe7llyyc2gly3adhhe2ldgg3xmcdqx6wa"
          },
          "sensitive_attributes": [],
          "private": "eyJlMmJmYjczMC1lY2FhLTExZTYtOGY4OC0zNDM2M2JjN2M0YzAiOnsiY3JlYXRlIjoxMjAwMDAwMDAwMDAwLCJkZWxldGUiOjEyMDAwMDAwMDAwMDAsInVwZGF0ZSI6MTIwMDAwMDAwMDAwMH19",
          "dependencies": [
            "oci_core_virtual_network.JenkinsVCN"
          ]
        }
      ]
    },
    {
      "mode": "managed",
      "type": "oci_core_route_table",
      "name": "JenkinsRT",
      "provider": "provider[\"registry.terraform.io/hashicorp/oci\"]",
      "instances": [
        {
          "schema_version": 0,
          "attributes": {
            "compartment_id": "ocid1.compartment.oc1..aaaaaaaahewepdxpz6mxqootx7xwnjojkafbsgqg7yce4ugc2kmf6jxdzj5a",
            "defined_tags": {
              "Oracle-Tags.CreatedBy": "default/miguel@doorcounts.com",
              "Oracle-Tags.CreatedOn": "2023-03-21T18:14:40.474Z"
            },
            "display_name": "JenkinsRT",
            "freeform_tags": {},
            "id": "ocid1.routetable.oc1.us-sanjose-1.aaaaaaaabrifmtlizlv6aofuiqrs2gyi27nnorxia7graaohgp7mxfp5uuxq",
            "route_rules": [
              {
                "cidr_block": "",
                "description": "",
                "destination": "0.0.0.0/0",
                "destination_type": "CIDR_BLOCK",
                "network_entity_id": "ocid1.internetgateway.oc1.us-sanjose-1.aaaaaaaa2dwyvsnzdfowcdi2mdovmkc4qwv5bs6rtu7ovpjun6qyx5o5nb2q",
                "route_type": ""
              }
            ],
            "state": "AVAILABLE",
            "time_created": "2023-03-21 18:14:40.5 +0000 UTC",
            "timeouts": null,
            "vcn_id": "ocid1.vcn.oc1.us-sanjose-1.amaaaaaak6tenaaarywzczuo46yhe7llyyc2gly3adhhe2ldgg3xmcdqx6wa"
          },
          "sensitive_attributes": [],
          "private": "eyJlMmJmYjczMC1lY2FhLTExZTYtOGY4OC0zNDM2M2JjN2M0YzAiOnsiY3JlYXRlIjoxMjAwMDAwMDAwMDAwLCJkZWxldGUiOjEyMDAwMDAwMDAwMDAsInVwZGF0ZSI6MTIwMDAwMDAwMDAwMH19",
          "dependencies": [
            "oci_core_internet_gateway.JenkinsIG",
            "oci_core_virtual_network.JenkinsVCN"
          ]
        }
      ]
    },
    {
      "mode": "managed",
      "type": "oci_core_security_list",
      "name": "JenkinsSecList",
      "provider": "provider[\"registry.terraform.io/hashicorp/oci\"]",
      "instances": [
        {
          "schema_version": 0,
          "attributes": {
            "compartment_id": "ocid1.compartment.oc1..aaaaaaaahewepdxpz6mxqootx7xwnjojkafbsgqg7yce4ugc2kmf6jxdzj5a",
            "defined_tags": {
              "Oracle-Tags.CreatedBy": "default/miguel@doorcounts.com",
              "Oracle-Tags.CreatedOn": "2023-03-21T18:14:39.864Z"
            },
            "display_name": "JenkinsSecList",
            "egress_security_rules": [
              {
                "description": "",
                "destination": "0.0.0.0/0",
                "destination_type": "CIDR_BLOCK",
                "icmp_options": [],
                "protocol": "6",
                "stateless": false,
                "tcp_options": [],
                "udp_options": []
              },
              {
                "description": "",
                "destination": "0.0.0.0/0",
                "destination_type": "CIDR_BLOCK",
                "icmp_options": [],
                "protocol": "all",
                "stateless": false,
                "tcp_options": [],
                "udp_options": []
              },
              {
                "description": "Allow nodes to communicate with OKE to ensure correct start-up and continued functioning",
                "destination": "all-sjc-services-in-oracle-services-network",
                "destination_type": "SERVICE_CIDR_BLOCK",
                "icmp_options": [],
                "protocol": "6",
                "stateless": false,
                "tcp_options": [],
                "udp_options": []
              }
            ],
            "freeform_tags": {},
            "id": "ocid1.securitylist.oc1.us-sanjose-1.aaaaaaaayudtgajtq6526eb3jp4hoqoo6austrhamxijjvk63xhec476upva",
            "ingress_security_rules": [
              {
                "description": "",
                "icmp_options": [
                  {
                    "code": -1,
                    "type": 3
                  }
                ],
                "protocol": "1",
                "source": "10.0.0.0/16",
                "source_type": "CIDR_BLOCK",
                "stateless": false,
                "tcp_options": [],
                "udp_options": []
              },
              {
                "description": "",
                "icmp_options": [
                  {
                    "code": 4,
                    "type": 3
                  }
                ],
                "protocol": "1",
                "source": "0.0.0.0/0",
                "source_type": "CIDR_BLOCK",
                "stateless": false,
                "tcp_options": [],
                "udp_options": []
              },
              {
                "description": "",
                "icmp_options": [],
                "protocol": "6",
                "source": "0.0.0.0/0",
                "source_type": "CIDR_BLOCK",
                "stateless": false,
                "tcp_options": [
                  {
                    "max": 22,
                    "min": 22,
                    "source_port_range": []
                  }
                ],
                "udp_options": []
              },
              {
                "description": "",
                "icmp_options": [],
                "protocol": "6",
                "source": "0.0.0.0/0",
                "source_type": "CIDR_BLOCK",
                "stateless": false,
                "tcp_options": [
                  {
                    "max": 49187,
                    "min": 49187,
                    "source_port_range": []
                  }
                ],
                "udp_options": []
              },
              {
                "description": "",
                "icmp_options": [],
                "protocol": "6",
                "source": "0.0.0.0/0",
                "source_type": "CIDR_BLOCK",
                "stateless": false,
                "tcp_options": [
                  {
                    "max": 8080,
                    "min": 8080,
                    "source_port_range": []
                  }
                ],
                "udp_options": []
              },
              {
                "description": "Allow pods on one worker node to communicate with pods on other worker nodes",
                "icmp_options": [],
                "protocol": "all",
                "source": "10.0.10.0/24",
                "source_type": "CIDR_BLOCK",
                "stateless": false,
                "tcp_options": [],
                "udp_options": []
              },
              {
                "description": "Inbound SSH traffic to worker nodes",
                "icmp_options": [],
                "protocol": "6",
                "source": "0.0.0.0/0",
                "source_type": "CIDR_BLOCK",
                "stateless": false,
                "tcp_options": [],
                "udp_options": []
              }
            ],
            "state": "AVAILABLE",
            "time_created": "2023-03-21 18:14:39.907 +0000 UTC",
            "timeouts": null,
            "vcn_id": "ocid1.vcn.oc1.us-sanjose-1.amaaaaaak6tenaaarywzczuo46yhe7llyyc2gly3adhhe2ldgg3xmcdqx6wa"
          },
          "sensitive_attributes": [],
          "private": "eyJlMmJmYjczMC1lY2FhLTExZTYtOGY4OC0zNDM2M2JjN2M0YzAiOnsiY3JlYXRlIjoxMjAwMDAwMDAwMDAwLCJkZWxldGUiOjEyMDAwMDAwMDAwMDAsInVwZGF0ZSI6MTIwMDAwMDAwMDAwMH19",
          "dependencies": [
            "oci_core_virtual_network.JenkinsVCN"
          ]
        }
      ]
    },
    {
      "mode": "managed",
      "type": "oci_core_subnet",
      "name": "JenkinsSubnet",
      "provider": "provider[\"registry.terraform.io/hashicorp/oci\"]",
      "instances": [
        {
          "schema_version": 0,
          "attributes": {
            "availability_domain": null,
            "cidr_block": "10.0.1.0/24",
            "compartment_id": "ocid1.compartment.oc1..aaaaaaaahewepdxpz6mxqootx7xwnjojkafbsgqg7yce4ugc2kmf6jxdzj5a",
            "defined_tags": {
              "Oracle-Tags.CreatedBy": "default/miguel@doorcounts.com",
              "Oracle-Tags.CreatedOn": "2023-03-21T18:14:41.137Z"
            },
            "dhcp_options_id": "ocid1.dhcpoptions.oc1.us-sanjose-1.aaaaaaaatykpb5iwad2ihxq6e2qe346hdkza3soienpo5fnmep6nuicm2nzq",
            "display_name": "JenkinsSubnet",
            "dns_label": "pubsub",
            "freeform_tags": {},
            "id": "ocid1.subnet.oc1.us-sanjose-1.aaaaaaaapcg7tvqhli4ujtjml7ro6emsbt2hxynvggyrl6o3tu2aekrwh5ga",
            "ipv6cidr_block": null,
            "ipv6cidr_blocks": [],
            "ipv6virtual_router_ip": null,
            "prohibit_internet_ingress": false,
            "prohibit_public_ip_on_vnic": false,
            "route_table_id": "ocid1.routetable.oc1.us-sanjose-1.aaaaaaaabrifmtlizlv6aofuiqrs2gyi27nnorxia7graaohgp7mxfp5uuxq",
            "security_list_ids": [
              "ocid1.securitylist.oc1.us-sanjose-1.aaaaaaaayudtgajtq6526eb3jp4hoqoo6austrhamxijjvk63xhec476upva"
            ],
            "state": "AVAILABLE",
            "subnet_domain_name": "pubsub.jenkinsvcn.oraclevcn.com",
            "time_created": "2023-03-21 18:14:41.213 +0000 UTC",
            "timeouts": null,
            "vcn_id": "ocid1.vcn.oc1.us-sanjose-1.amaaaaaak6tenaaarywzczuo46yhe7llyyc2gly3adhhe2ldgg3xmcdqx6wa",
            "virtual_router_ip": "10.0.1.1",
            "virtual_router_mac": "00:00:17:2F:E3:BA"
          },
          "sensitive_attributes": [],
          "private": "eyJlMmJmYjczMC1lY2FhLTExZTYtOGY4OC0zNDM2M2JjN2M0YzAiOnsiY3JlYXRlIjoxMjAwMDAwMDAwMDAwLCJkZWxldGUiOjEyMDAwMDAwMDAwMDAsInVwZGF0ZSI6MTIwMDAwMDAwMDAwMH19",
          "dependencies": [
            "oci_core_internet_gateway.JenkinsIG",
            "oci_core_route_table.JenkinsRT",
            "oci_core_security_list.JenkinsSecList",
            "oci_core_virtual_network.JenkinsVCN"
          ]
        }
      ]
    },
    {
      "mode": "managed",
      "type": "oci_core_virtual_network",
      "name": "JenkinsVCN",
      "provider": "provider[\"registry.terraform.io/hashicorp/oci\"]",
      "instances": [
        {
          "schema_version": 0,
          "attributes": {
            "byoipv6cidr_blocks": [],
            "byoipv6cidr_details": [],
            "cidr_block": "10.0.0.0/16",
            "cidr_blocks": [
              "10.0.0.0/16"
            ],
            "compartment_id": "ocid1.compartment.oc1..aaaaaaaahewepdxpz6mxqootx7xwnjojkafbsgqg7yce4ugc2kmf6jxdzj5a",
            "default_dhcp_options_id": "ocid1.dhcpoptions.oc1.us-sanjose-1.aaaaaaaatykpb5iwad2ihxq6e2qe346hdkza3soienpo5fnmep6nuicm2nzq",
            "default_route_table_id": "ocid1.routetable.oc1.us-sanjose-1.aaaaaaaam6fyarbvaappqbxlpw6ays5xcg5q5ohsz43ljgwd3fcnynowvbba",
            "default_security_list_id": "ocid1.securitylist.oc1.us-sanjose-1.aaaaaaaaipevtrjbuycurbsdqogwlen52efi3ixoowsjo3vwknbggoxurtrq",
            "defined_tags": {
              "Oracle-Tags.CreatedBy": "default/miguel@doorcounts.com",
              "Oracle-Tags.CreatedOn": "2023-03-21T18:14:38.454Z"
            },
            "display_name": "JenkinsVCN",
            "dns_label": "jenkinsvcn",
            "freeform_tags": {},
            "id": "ocid1.vcn.oc1.us-sanjose-1.amaaaaaak6tenaaarywzczuo46yhe7llyyc2gly3adhhe2ldgg3xmcdqx6wa",
            "ipv6cidr_blocks": [],
            "ipv6private_cidr_blocks": [],
            "is_ipv6enabled": false,
            "is_oracle_gua_allocation_enabled": null,
            "state": "AVAILABLE",
            "time_created": "2023-03-21 18:14:38.576 +0000 UTC",
            "timeouts": null,
            "vcn_domain_name": "jenkinsvcn.oraclevcn.com"
          },
          "sensitive_attributes": [],
          "private": "eyJlMmJmYjczMC1lY2FhLTExZTYtOGY4OC0zNDM2M2JjN2M0YzAiOnsiY3JlYXRlIjoxMjAwMDAwMDAwMDAwLCJkZWxldGUiOjEyMDAwMDAwMDAwMDAsInVwZGF0ZSI6MTIwMDAwMDAwMDAwMH19"
        }
      ]
    },
    {
      "mode": "managed",
      "type": "tls_private_key",
      "name": "public_private_key_pair",
      "provider": "provider[\"registry.terraform.io/hashicorp/tls\"]",
      "instances": [
        {
          "schema_version": 1,
          "attributes": {
            "algorithm": "RSA",
            "ecdsa_curve": "P224",
            "id": "9bc6283b6e7000c8cfb206c6b721be89b0bded01",
            "private_key_openssh": "-----BEGIN OPENSSH PRIVATE KEY-----\nb3BlbnNzaC1rZXktdjEAAAAABG5vbmUAAAAEbm9uZQAAAAAAAAABAAABFwAAAAdz\nc2gtcnNhAAAAAwEAAQAAAQEArQsVdM1kz4jgZGMuyrnn3JgOFzqfvt3ndVtuDOJm\ntSccCfYMsBuSeppBEdYiupzC/W6yaVDi0A3hRbOsH9uj37pTXlh7t7/uRgHzODo+\n+E+dJRu9fizFfxP+O2jFz0y9puZswyve4O/2jVmhZHvNLVXSxMj/QpLJyi1OuMXT\nCPC0qWwhW096oDFwDwQRp+jTqthN6vZh42R+5x8ZUQM80rHiGUlauFYcQK8357FT\nC7Ls5h8U7Z7hYYbpCo2DlxpVAdJuwj1di3mHANJRmn37qEDh+8hCfb+6JL+sO9rZ\nuhveb1iiBsal7wgUfBeL0hNbbBp38WlUME1+kV3JoFYftQAAA7iKsk1xirJNcQAA\nAAdzc2gtcnNhAAABAQCtCxV0zWTPiOBkYy7KuefcmA4XOp++3ed1W24M4ma1JxwJ\n9gywG5J6mkER1iK6nML9brJpUOLQDeFFs6wf26PfulNeWHu3v+5GAfM4Oj74T50l\nG71+LMV/E/47aMXPTL2m5mzDK97g7/aNWaFke80tVdLEyP9CksnKLU64xdMI8LSp\nbCFbT3qgMXAPBBGn6NOq2E3q9mHjZH7nHxlRAzzSseIZSVq4VhxArzfnsVMLsuzm\nHxTtnuFhhukKjYOXGlUB0m7CPV2LeYcA0lGaffuoQOH7yEJ9v7okv6w72tm6G95v\nWKIGxqXvCBR8F4vSE1tsGnfxaVQwTX6RXcmgVh+1AAAAAwEAAQAAAQAN3K9xVerX\nfT2MjS14bAAY+c1XKwkU/y3Fhvd/7LsRk/p5Cc7mZK8NR0IjLaZGkLxGFRIRwbsJ\ns7LyJHyLaMrt5z06d5ghlix+SzWysWfN+IK8MEazzt5bWbyqAbCm9JzUu+zGjcMi\n/dYgaKe3Jvu+v/tMbFWWfa/QlGSUBLTtKElxePXtzbHp8cALo62vieQcEd/CwNIF\nswceMQUq2D6DFHev6UrrEkqNTk9NvERzHyvcy4SvoBNJhOMR1XUNL/yG9LgGbbYm\n6xkvC3J68EMCOmGxXtjx3tIPfIxucnKpl+b5N0CcS00PU2Zfc2g/fs8aV8MLBNgY\nPieDHePBqXIZAAAAgBsqr2rm/f8C7wOaOyVkCTkmMRw+nSC71yHLYDlU4EYTyrrk\nqIgxdePPRF3MzgGjOzXwfwjJiVg11B7V/Mr/cj/5YR9C5G5YBbkyuXwtGF9DBIJe\naQU0MgI33k+/CyWHTAxSEPBzXdpG4mzwiF0MkF3R2qJfh/+nEzNR1FEXjZOiAAAA\ngQDKc7RPnfj5ewuOTuIGxP4va3SXbXJU8/frxeaocZJf0ma1p3O3E5SXw7/k8v2w\n5IrO01uIi07pE8aff/fkGstUc6RkgS+ws1PBETtxyqJzitXR9yxYzfIAJ3r4mEDe\nYRQh0S2QCVyd7Wwi50FyVjZ3ArWUtgqeuZbY93dQssjUNwAAAIEA2tAUGyNExNge\n3FGm5yIh9GoCGYs9A/AOOra3vaFxxbnVbMq6fLa9JbbrZLP3gD6UtgRcS8R7UtNZ\nqdwWs4tG0vc/78TrH5lg9xS3FI2zQca/0IrGg+80nhUhys0aj8bpeg1VmWAD25o2\nJL1qvZKIzCtsnzhBM800duw9UtFoDXMAAAAAAQID\n-----END OPENSSH PRIVATE KEY-----\n",
            "private_key_pem": "-----BEGIN RSA PRIVATE KEY-----\nMIIEogIBAAKCAQEArQsVdM1kz4jgZGMuyrnn3JgOFzqfvt3ndVtuDOJmtSccCfYM\nsBuSeppBEdYiupzC/W6yaVDi0A3hRbOsH9uj37pTXlh7t7/uRgHzODo++E+dJRu9\nfizFfxP+O2jFz0y9puZswyve4O/2jVmhZHvNLVXSxMj/QpLJyi1OuMXTCPC0qWwh\nW096oDFwDwQRp+jTqthN6vZh42R+5x8ZUQM80rHiGUlauFYcQK8357FTC7Ls5h8U\n7Z7hYYbpCo2DlxpVAdJuwj1di3mHANJRmn37qEDh+8hCfb+6JL+sO9rZuhveb1ii\nBsal7wgUfBeL0hNbbBp38WlUME1+kV3JoFYftQIDAQABAoIBAA3cr3FV6td9PYyN\nLXhsABj5zVcrCRT/LcWG93/suxGT+nkJzuZkrw1HQiMtpkaQvEYVEhHBuwmzsvIk\nfItoyu3nPTp3mCGWLH5LNbKxZ834grwwRrPO3ltZvKoBsKb0nNS77MaNwyL91iBo\np7cm+76/+0xsVZZ9r9CUZJQEtO0oSXF49e3NsenxwAujra+J5BwR38LA0gWzBx4x\nBSrYPoMUd6/pSusSSo1OT028RHMfK9zLhK+gE0mE4xHVdQ0v/Ib0uAZttibrGS8L\ncnrwQwI6YbFe2PHe0g98jG5ycqmX5vk3QJxLTQ9TZl9zaD9+zxpXwwsE2Bg+J4Md\n48GpchkCgYEAynO0T534+XsLjk7iBsT+L2t0l21yVPP368XmqHGSX9JmtadztxOU\nl8O/5PL9sOSKztNbiItO6RPGn3/35BrLVHOkZIEvsLNTwRE7ccqic4rV0fcsWM3y\nACd6+JhA3mEUIdEtkAlcne1sIudBclY2dwK1lLYKnrmW2Pd3ULLI1DcCgYEA2tAU\nGyNExNge3FGm5yIh9GoCGYs9A/AOOra3vaFxxbnVbMq6fLa9JbbrZLP3gD6UtgRc\nS8R7UtNZqdwWs4tG0vc/78TrH5lg9xS3FI2zQca/0IrGg+80nhUhys0aj8bpeg1V\nmWAD25o2JL1qvZKIzCtsnzhBM800duw9UtFoDXMCgYA37bj9Wb3jZguuN7qXdipm\nfUALaU/xiiiOePCczitKz3xSaL098WnWd1x26m4NRUXXl2otEZcuKqlvfNHFsWVE\nomHi5hF/tjrIFnOenwU7+DnTtH4K1nIper6tGJqrFJSUNw5oQT3V3zZFei+JX6nS\nPOxe9d9/M/QpYkwS/iEfBwKBgGOGe26whwoFx1us4/6DfvA9+4CE3ZbZ7I72JvLg\n6O/ni9T1DQfG0pfB8KWYWf4B+QAlUZnA39sXeNQS4FyAABHbFkDHz65KxFj+GhwG\nK7/CV+LSDGNcPRGeSQWGbwtwjSfPwtyFWJvdM71YTqG1cfVz1u9A1h9que9Rmr79\nspdTAoGAGyqvaub9/wLvA5o7JWQJOSYxHD6dILvXIctgOVTgRhPKuuSoiDF1489E\nXczOAaM7NfB/CMmJWDXUHtX8yv9yP/lhH0LkblgFuTK5fC0YX0MEgl5pBTQyAjfe\nT78LJYdMDFIQ8HNd2kbibPCIXQyQXdHaol+H/6cTM1HUUReNk6I=\n-----END RSA PRIVATE KEY-----\n",
            "private_key_pem_pkcs8": "-----BEGIN PRIVATE KEY-----\nMIIEvAIBADANBgkqhkiG9w0BAQEFAASCBKYwggSiAgEAAoIBAQCtCxV0zWTPiOBk\nYy7KuefcmA4XOp++3ed1W24M4ma1JxwJ9gywG5J6mkER1iK6nML9brJpUOLQDeFF\ns6wf26PfulNeWHu3v+5GAfM4Oj74T50lG71+LMV/E/47aMXPTL2m5mzDK97g7/aN\nWaFke80tVdLEyP9CksnKLU64xdMI8LSpbCFbT3qgMXAPBBGn6NOq2E3q9mHjZH7n\nHxlRAzzSseIZSVq4VhxArzfnsVMLsuzmHxTtnuFhhukKjYOXGlUB0m7CPV2LeYcA\n0lGaffuoQOH7yEJ9v7okv6w72tm6G95vWKIGxqXvCBR8F4vSE1tsGnfxaVQwTX6R\nXcmgVh+1AgMBAAECggEADdyvcVXq1309jI0teGwAGPnNVysJFP8txYb3f+y7EZP6\neQnO5mSvDUdCIy2mRpC8RhUSEcG7CbOy8iR8i2jK7ec9OneYIZYsfks1srFnzfiC\nvDBGs87eW1m8qgGwpvSc1Lvsxo3DIv3WIGintyb7vr/7TGxVln2v0JRklAS07ShJ\ncXj17c2x6fHAC6Otr4nkHBHfwsDSBbMHHjEFKtg+gxR3r+lK6xJKjU5PTbxEcx8r\n3MuEr6ATSYTjEdV1DS/8hvS4Bm22JusZLwtyevBDAjphsV7Y8d7SD3yMbnJyqZfm\n+TdAnEtND1NmX3NoP37PGlfDCwTYGD4ngx3jwalyGQKBgQDKc7RPnfj5ewuOTuIG\nxP4va3SXbXJU8/frxeaocZJf0ma1p3O3E5SXw7/k8v2w5IrO01uIi07pE8aff/fk\nGstUc6RkgS+ws1PBETtxyqJzitXR9yxYzfIAJ3r4mEDeYRQh0S2QCVyd7Wwi50Fy\nVjZ3ArWUtgqeuZbY93dQssjUNwKBgQDa0BQbI0TE2B7cUabnIiH0agIZiz0D8A46\ntre9oXHFudVsyrp8tr0ltutks/eAPpS2BFxLxHtS01mp3Bazi0bS9z/vxOsfmWD3\nFLcUjbNBxr/QisaD7zSeFSHKzRqPxul6DVWZYAPbmjYkvWq9kojMK2yfOEEzzTR2\n7D1S0WgNcwKBgDftuP1ZveNmC643upd2KmZ9QAtpT/GKKI548JzOK0rPfFJovT3x\nadZ3XHbqbg1FRdeXai0Rly4qqW980cWxZUSiYeLmEX+2OsgWc56fBTv4OdO0fgrW\ncil6vq0YmqsUlJQ3DmhBPdXfNkV6L4lfqdI87F71338z9CliTBL+IR8HAoGAY4Z7\nbrCHCgXHW6zj/oN+8D37gITdltnsjvYm8uDo7+eL1PUNB8bSl8HwpZhZ/gH5ACVR\nmcDf2xd41BLgXIAAEdsWQMfPrkrEWP4aHAYrv8JX4tIMY1w9EZ5JBYZvC3CNJ8/C\n3IVYm90zvVhOobVx9XPW70DWH2q571Gavv2yl1MCgYAbKq9q5v3/Au8DmjslZAk5\nJjEcPp0gu9chy2A5VOBGE8q65KiIMXXjz0RdzM4Bozs18H8IyYlYNdQe1fzK/3I/\n+WEfQuRuWAW5Mrl8LRhfQwSCXmkFNDICN95Pvwslh0wMUhDwc13aRuJs8IhdDJBd\n0dqiX4f/pxMzUdRRF42Tog==\n-----END PRIVATE KEY-----\n",
            "public_key_fingerprint_md5": "12:b7:79:8d:80:c3:d8:c7:f2:26:e5:4d:43:8c:2a:52",
            "public_key_fingerprint_sha256": "SHA256:ps3D+y8GQYxucChDxU6dBFEF7/FoBINpkdCTrwv0Aus",
            "public_key_openssh": "ssh-rsa AAAAB3NzaC1yc2EAAAADAQABAAABAQCtCxV0zWTPiOBkYy7KuefcmA4XOp++3ed1W24M4ma1JxwJ9gywG5J6mkER1iK6nML9brJpUOLQDeFFs6wf26PfulNeWHu3v+5GAfM4Oj74T50lG71+LMV/E/47aMXPTL2m5mzDK97g7/aNWaFke80tVdLEyP9CksnKLU64xdMI8LSpbCFbT3qgMXAPBBGn6NOq2E3q9mHjZH7nHxlRAzzSseIZSVq4VhxArzfnsVMLsuzmHxTtnuFhhukKjYOXGlUB0m7CPV2LeYcA0lGaffuoQOH7yEJ9v7okv6w72tm6G95vWKIGxqXvCBR8F4vSE1tsGnfxaVQwTX6RXcmgVh+1\n",
            "public_key_pem": "-----BEGIN PUBLIC KEY-----\nMIIBIjANBgkqhkiG9w0BAQEFAAOCAQ8AMIIBCgKCAQEArQsVdM1kz4jgZGMuyrnn\n3JgOFzqfvt3ndVtuDOJmtSccCfYMsBuSeppBEdYiupzC/W6yaVDi0A3hRbOsH9uj\n37pTXlh7t7/uRgHzODo++E+dJRu9fizFfxP+O2jFz0y9puZswyve4O/2jVmhZHvN\nLVXSxMj/QpLJyi1OuMXTCPC0qWwhW096oDFwDwQRp+jTqthN6vZh42R+5x8ZUQM8\n0rHiGUlauFYcQK8357FTC7Ls5h8U7Z7hYYbpCo2DlxpVAdJuwj1di3mHANJRmn37\nqEDh+8hCfb+6JL+sO9rZuhveb1iiBsal7wgUfBeL0hNbbBp38WlUME1+kV3JoFYf\ntQIDAQAB\n-----END PUBLIC KEY-----\n",
            "rsa_bits": 2048
          },
          "sensitive_attributes": []
        }
      ]
    },
    {
      "module": "module.jenkins.module.jenkins-controller",
      "mode": "data",
      "type": "template_file",
      "name": "disable_controller_executor",
      "provider": "provider[\"registry.terraform.io/hashicorp/template\"]",
      "instances": [
        {
          "schema_version": 0,
          "attributes": {
            "filename": null,
            "id": "94fddfacb5544b84453e1d2acbc7ec67290fa01c48432d1cd1137d151f86b048",
            "rendered": "import jenkins.model.*\n\ndef instance = Jenkins.getInstance()\ninstance.setNumExecutors(0)\ninstance.save()\n",
            "template": "import jenkins.model.*\n\ndef instance = Jenkins.getInstance()\ninstance.setNumExecutors(0)\ninstance.save()\n",
            "vars": null
          },
          "sensitive_attributes": []
        }
      ]
    },
    {
      "module": "module.jenkins.module.jenkins-controller",
      "mode": "data",
      "type": "template_file",
      "name": "init_jenkins",
      "provider": "provider[\"registry.terraform.io/hashicorp/template\"]",
      "instances": [
        {
          "schema_version": 0,
          "attributes": {
            "filename": null,
            "id": "10be8ed85fb2a31dc3078a558a7a809a28c3e13fbb525b8ae59e3008f7956219",
            "rendered": "#!groovy\n\nimport jenkins.model.*\nimport hudson.security.*\nimport jenkins.security.s2m.AdminWhitelistRule\n\ndef instance = Jenkins.getInstance()\n\ndef hudsonRealm = new HudsonPrivateSecurityRealm(false)\n\nhudsonRealm.createAccount('admin', 'Mreina11!')\ninstance.setSecurityRealm(hudsonRealm)\n\ndef strategy = new FullControlOnceLoggedInAuthorizationStrategy()\ninstance.setAuthorizationStrategy(strategy)\ninstance.save()\n\nJenkins.instance.getInjector().getInstance(AdminWhitelistRule.class).setMasterKillSwitch(false)\n",
            "template": "#!groovy\n\nimport jenkins.model.*\nimport hudson.security.*\nimport jenkins.security.s2m.AdminWhitelistRule\n\ndef instance = Jenkins.getInstance()\n\ndef hudsonRealm = new HudsonPrivateSecurityRealm(false)\n\nhudsonRealm.createAccount('admin', '${jenkins_password}')\ninstance.setSecurityRealm(hudsonRealm)\n\ndef strategy = new FullControlOnceLoggedInAuthorizationStrategy()\ninstance.setAuthorizationStrategy(strategy)\ninstance.save()\n\nJenkins.instance.getInjector().getInstance(AdminWhitelistRule.class).setMasterKillSwitch(false)\n",
            "vars": {
              "jenkins_password": "Mreina11!"
            }
          },
          "sensitive_attributes": []
        }
      ]
    },
    {
      "module": "module.jenkins.module.jenkins-controller",
      "mode": "data",
      "type": "template_file",
      "name": "setup_jenkins",
      "provider": "provider[\"registry.terraform.io/hashicorp/template\"]",
      "instances": [
        {
          "schema_version": 0,
          "attributes": {
            "filename": null,
            "id": "cae8e921576e8cae083473280f47d702a0a98ffdad029544b99d82dbcd74a0fb",
            "rendered": "#!/bin/bash\nset -e -x\n\nfunction restartAndWaitForJenkins() {\n    echo \"Restarting jenkins service\"    \n    sudo service jenkins restart\n    echo \"Waiting 30s...\"\n    sleep 30\n\n    echo \"Waiting for Jenkins to launch on 8080...\"\n    i=0\n    while ! timeout 1 bash -c \"echo \u003e /dev/tcp/localhost/8080\"; do\n      sleep 1\n      ((i=$i+1))\n      ### every 60s, if fails to connect, restart jenkins service\n      if [ $(( $i % 60 )) -eq 0 ]; then\n        echo \"Failed to connect after $i, restarting jenkins\"\n        sudo service jenkins restart\n        echo \"Waiting 30s for jenkins\"\n        sleep 30\n      fi\n\n      ### after 5m, fail\n      if [ $(( $i % 300 )) -eq 0 ]; then\n        echo \"Failed to connect to jenkins during installation process, exiting\"\n        exit -1\n      fi\n    done\n\n    echo \"Jenkins launched\"\n}\n\n#Enable Developer repo (EPEL)\nsudo yum-config-manager --enable ol7_developer*\n\n# Install Java for Jenkins\nsudo yum install -y java-11-openjdk\n\n# Install Jenkins\nsudo echo \"[jenkins-ci-org-2.277.4]\"\nsudo wget -O /etc/yum.repos.d/jenkins.repo https://pkg.jenkins.io/redhat-stable/jenkins.repo\nsudo rpm --import https://pkg.jenkins.io/redhat-stable/jenkins.io.key\n\nsudo yum install -y jenkins-2.277.4\n\n# Config Jenkins Http Port and Agent Port using System/Java properties - https://www.jenkins.io/doc/book/managing/system-properties/\nsudo sed -i '/JENKINS_PORT/c\\ \\JENKINS_PORT=\\\"8080\\\"' /etc/sysconfig/jenkins\nsudo sed -i '/JENKINS_JAVA_OPTIONS/c\\ \\JENKINS_JAVA_OPTIONS=\\\"-Djenkins.install.runSetupWizard=false -Djava.awt.headless=true -Djenkins.model.Jenkins.slaveAgentPort=49187\\\"' /etc/sysconfig/jenkins\n\n# Set httpport on firewall\nsudo firewall-cmd --zone=public --permanent --add-port=8080/tcp\nsudo firewall-cmd --zone=public --permanent --add-port=49187/tcp\nsudo firewall-cmd --zone=public --permanent --add-port=443/tcp\nsudo firewall-cmd --reload\n\n# Start Jenkins\nsudo chkconfig --add jenkins\nrestartAndWaitForJenkins\n\n# UPDATE PLUGIN LIST\ncurl -L http://updates.jenkins-ci.org/update-center.json | sed '1d;$d' | curl -X POST -H 'Accept: application/json' -d @- http://localhost:8080/updateCenter/byId/default/postBack\n\n# INSTALL CLI\nsudo wget -P /var/lib/jenkins/ http://localhost:8080/jnlpJars/jenkins-cli.jar\n\n# Initialize Jenkins User Password Groovy Script\nexport PASS=Mreina11!\n\nsudo -u jenkins mkdir -p /var/lib/jenkins/init.groovy.d\nsudo mv /home/opc/default-user.groovy /var/lib/jenkins/init.groovy.d/default-user.groovy\nsudo mv /home/opc/disable-controller-executor.groovy /var/lib/jenkins/init.groovy.d/disable-controller-executor.groovy\n\nrestartAndWaitForJenkins\n\n# INSTALL PLUGINS\nsudo java -jar /var/lib/jenkins/jenkins-cli.jar -s http://localhost:8080 -auth admin:$PASS install-plugin git ssh-slaves oracle-cloud-infrastructure-compute\n\n# RESTART JENKINS TO ACTIVATE PLUGINS\nsudo java -jar /var/lib/jenkins/jenkins-cli.jar -s http://localhost:8080 -auth admin:$PASS restart\n",
            "template": "#!/bin/bash\nset -e -x\n\nfunction restartAndWaitForJenkins() {\n    echo \"Restarting jenkins service\"    \n    sudo service jenkins restart\n    echo \"Waiting 30s...\"\n    sleep 30\n\n    echo \"Waiting for Jenkins to launch on ${http_port}...\"\n    i=0\n    while ! timeout 1 bash -c \"echo \u003e /dev/tcp/localhost/${http_port}\"; do\n      sleep 1\n      ((i=$i+1))\n      ### every 60s, if fails to connect, restart jenkins service\n      if [ $(( $i % 60 )) -eq 0 ]; then\n        echo \"Failed to connect after $i, restarting jenkins\"\n        sudo service jenkins restart\n        echo \"Waiting 30s for jenkins\"\n        sleep 30\n      fi\n\n      ### after 5m, fail\n      if [ $(( $i % 300 )) -eq 0 ]; then\n        echo \"Failed to connect to jenkins during installation process, exiting\"\n        exit -1\n      fi\n    done\n\n    echo \"Jenkins launched\"\n}\n\n#Enable Developer repo (EPEL)\nsudo yum-config-manager --enable ol7_developer*\n\n# Install Java for Jenkins\nsudo yum install -y java-11-openjdk\n\n# Install Jenkins\nsudo echo \"[jenkins-ci-org-${jenkins_version}]\"\nsudo wget -O /etc/yum.repos.d/jenkins.repo https://pkg.jenkins.io/redhat-stable/jenkins.repo\nsudo rpm --import https://pkg.jenkins.io/redhat-stable/jenkins.io.key\n\nsudo yum install -y jenkins-${jenkins_version}\n\n# Config Jenkins Http Port and Agent Port using System/Java properties - https://www.jenkins.io/doc/book/managing/system-properties/\nsudo sed -i '/JENKINS_PORT/c\\ \\JENKINS_PORT=\\\"${http_port}\\\"' /etc/sysconfig/jenkins\nsudo sed -i '/JENKINS_JAVA_OPTIONS/c\\ \\JENKINS_JAVA_OPTIONS=\\\"-Djenkins.install.runSetupWizard=false -Djava.awt.headless=true -Djenkins.model.Jenkins.slaveAgentPort=${jnlp_port}\\\"' /etc/sysconfig/jenkins\n\n# Set httpport on firewall\nsudo firewall-cmd --zone=public --permanent --add-port=${http_port}/tcp\nsudo firewall-cmd --zone=public --permanent --add-port=${jnlp_port}/tcp\nsudo firewall-cmd --zone=public --permanent --add-port=443/tcp\nsudo firewall-cmd --reload\n\n# Start Jenkins\nsudo chkconfig --add jenkins\nrestartAndWaitForJenkins\n\n# UPDATE PLUGIN LIST\ncurl -L http://updates.jenkins-ci.org/update-center.json | sed '1d;$d' | curl -X POST -H 'Accept: application/json' -d @- http://localhost:${http_port}/updateCenter/byId/default/postBack\n\n# INSTALL CLI\nsudo wget -P /var/lib/jenkins/ http://localhost:8080/jnlpJars/jenkins-cli.jar\n\n# Initialize Jenkins User Password Groovy Script\nexport PASS=${jenkins_password}\n\nsudo -u jenkins mkdir -p /var/lib/jenkins/init.groovy.d\nsudo mv /home/opc/default-user.groovy /var/lib/jenkins/init.groovy.d/default-user.groovy\nsudo mv /home/opc/disable-controller-executor.groovy /var/lib/jenkins/init.groovy.d/disable-controller-executor.groovy\n\nrestartAndWaitForJenkins\n\n# INSTALL PLUGINS\nsudo java -jar /var/lib/jenkins/jenkins-cli.jar -s http://localhost:${http_port} -auth admin:$PASS install-plugin ${plugins}\n\n# RESTART JENKINS TO ACTIVATE PLUGINS\nsudo java -jar /var/lib/jenkins/jenkins-cli.jar -s http://localhost:${http_port} -auth admin:$PASS restart\n",
            "vars": {
              "http_port": "8080",
              "jenkins_password": "Mreina11!",
              "jenkins_version": "2.277.4",
              "jnlp_port": "49187",
              "plugins": "git ssh-slaves oracle-cloud-infrastructure-compute"
            }
          },
          "sensitive_attributes": []
        }
      ]
    },
    {
      "module": "module.jenkins.module.jenkins-controller",
      "mode": "managed",
      "type": "null_resource",
      "name": "TFJenkinsControllerConfig_via_public_ip",
      "provider": "provider[\"registry.terraform.io/hashicorp/null\"]",
      "instances": [
        {
          "index_key": 0,
          "status": "tainted",
          "schema_version": 0,
          "attributes": {
            "id": "3287531264186279946",
            "triggers": null
          },
          "sensitive_attributes": [],
          "dependencies": [
            "module.jenkins.module.jenkins-controller.data.template_file.disable_controller_executor",
            "module.jenkins.module.jenkins-controller.data.template_file.init_jenkins",
            "module.jenkins.module.jenkins-controller.data.template_file.setup_jenkins",
            "module.jenkins.module.jenkins-controller.oci_core_instance.TFJenkinsController",
            "tls_private_key.public_private_key_pair"
          ]
        }
      ]
    },
    {
      "module": "module.jenkins.module.jenkins-controller",
      "mode": "managed",
      "type": "oci_core_instance",
      "name": "TFJenkinsController",
      "provider": "provider[\"registry.terraform.io/hashicorp/oci\"]",
      "instances": [
        {
          "schema_version": 0,
          "attributes": {
            "agent_config": [
              {
                "are_all_plugins_disabled": false,
                "is_management_disabled": false,
                "is_monitoring_disabled": false,
                "plugins_config": []
              }
            ],
            "async": null,
            "availability_config": [
              {
                "is_live_migration_preferred": false,
                "recovery_action": "RESTORE_INSTANCE"
              }
            ],
            "availability_domain": "PdLJ:US-SANJOSE-1-AD-1",
            "boot_volume_id": "ocid1.bootvolume.oc1.us-sanjose-1.abzwuljr76dl4pprfknhnwcdvqnpigyxkkzzwardmkk2vu7uv24ixh7buioq",
            "capacity_reservation_id": null,
            "compartment_id": "ocid1.compartment.oc1..aaaaaaaahewepdxpz6mxqootx7xwnjojkafbsgqg7yce4ugc2kmf6jxdzj5a",
            "create_vnic_details": [
              {
                "assign_private_dns_record": false,
                "assign_public_ip": "true",
                "defined_tags": {
                  "Oracle-Tags.CreatedBy": "default/miguel@doorcounts.com",
                  "Oracle-Tags.CreatedOn": "2023-03-21T18:14:44.292Z"
                },
                "display_name": "JenkinsController",
                "freeform_tags": {},
                "hostname_label": "jenkinscontroller",
                "nsg_ids": [],
                "private_ip": "10.0.1.173",
                "skip_source_dest_check": false,
                "subnet_id": "ocid1.subnet.oc1.us-sanjose-1.aaaaaaaapcg7tvqhli4ujtjml7ro6emsbt2hxynvggyrl6o3tu2aekrwh5ga",
                "vlan_id": ""
              }
            ],
            "dedicated_vm_host_id": null,
            "defined_tags": {
              "Oracle-Tags.CreatedBy": "default/miguel@doorcounts.com",
              "Oracle-Tags.CreatedOn": "2023-03-21T18:14:44.155Z"
            },
            "display_name": "JenkinsController",
            "extended_metadata": {},
            "fault_domain": "FAULT-DOMAIN-3",
            "freeform_tags": {},
            "hostname_label": "jenkinscontroller",
            "id": "ocid1.instance.oc1.us-sanjose-1.anzwuljrk6tenaacxr2twuilu565rqqmwrv4m7coauwhe647ix5zuaw3yq4q",
            "image": "ocid1.image.oc1.us-sanjose-1.aaaaaaaachj7mbuwlfxue7fasbs4sjblqz3lmjwujyunrcwy3w6n5sdz2s4a",
            "instance_options": [
              {
                "are_legacy_imds_endpoints_disabled": false
              }
            ],
            "ipxe_script": null,
            "is_pv_encryption_in_transit_enabled": null,
            "launch_mode": "PARAVIRTUALIZED",
            "launch_options": [
              {
                "boot_volume_type": "PARAVIRTUALIZED",
                "firmware": "UEFI_64",
                "is_consistent_volume_naming_enabled": true,
                "is_pv_encryption_in_transit_enabled": false,
                "network_type": "PARAVIRTUALIZED",
                "remote_data_volume_type": "PARAVIRTUALIZED"
              }
            ],
            "metadata": {
              "ssh_authorized_keys": "ssh-rsa AAAAB3NzaC1yc2EAAAADAQABAAABAQCtCxV0zWTPiOBkYy7KuefcmA4XOp++3ed1W24M4ma1JxwJ9gywG5J6mkER1iK6nML9brJpUOLQDeFFs6wf26PfulNeWHu3v+5GAfM4Oj74T50lG71+LMV/E/47aMXPTL2m5mzDK97g7/aNWaFke80tVdLEyP9CksnKLU64xdMI8LSpbCFbT3qgMXAPBBGn6NOq2E3q9mHjZH7nHxlRAzzSseIZSVq4VhxArzfnsVMLsuzmHxTtnuFhhukKjYOXGlUB0m7CPV2LeYcA0lGaffuoQOH7yEJ9v7okv6w72tm6G95vWKIGxqXvCBR8F4vSE1tsGnfxaVQwTX6RXcmgVh+1\n"
            },
            "platform_config": [],
            "preemptible_instance_config": [],
            "preserve_boot_volume": null,
            "private_ip": "10.0.1.173",
            "public_ip": "138.2.231.203",
            "region": "us-sanjose-1",
            "shape": "VM.Standard.E3.Flex",
            "shape_config": [
              {
                "baseline_ocpu_utilization": "",
                "gpu_description": "",
                "gpus": 0,
                "local_disk_description": "",
                "local_disks": 0,
                "local_disks_total_size_in_gbs": 0,
                "max_vnic_attachments": 2,
                "memory_in_gbs": 10,
                "networking_bandwidth_in_gbps": 1,
                "nvmes": 0,
                "ocpus": 1,
                "processor_description": "2.25 GHz AMD EPYC™ 7742 (Rome)"
              }
            ],
            "source_details": [
              {
                "boot_volume_size_in_gbs": "47",
                "boot_volume_vpus_per_gb": "10",
                "kms_key_id": "",
                "source_id": "ocid1.image.oc1.us-sanjose-1.aaaaaaaachj7mbuwlfxue7fasbs4sjblqz3lmjwujyunrcwy3w6n5sdz2s4a",
                "source_type": "image"
              }
            ],
            "state": "RUNNING",
            "subnet_id": "ocid1.subnet.oc1.us-sanjose-1.aaaaaaaapcg7tvqhli4ujtjml7ro6emsbt2hxynvggyrl6o3tu2aekrwh5ga",
            "system_tags": {},
            "time_created": "2023-03-21 18:14:44.765 +0000 UTC",
            "time_maintenance_reboot_due": "",
            "timeouts": null,
            "update_operation_constraint": null
          },
          "sensitive_attributes": [],
          "private": "eyJlMmJmYjczMC1lY2FhLTExZTYtOGY4OC0zNDM2M2JjN2M0YzAiOnsiY3JlYXRlIjoyNzAwMDAwMDAwMDAwLCJkZWxldGUiOjQ1MDAwMDAwMDAwMDAsInVwZGF0ZSI6MjcwMDAwMDAwMDAwMH19",
          "dependencies": [
            "data.oci_core_images.controller_image",
            "data.oci_identity_availability_domains.ad",
            "data.template_file.ad_names",
            "oci_core_internet_gateway.JenkinsIG",
            "oci_core_route_table.JenkinsRT",
            "oci_core_security_list.JenkinsSecList",
            "oci_core_subnet.JenkinsSubnet",
            "oci_core_virtual_network.JenkinsVCN",
            "tls_private_key.public_private_key_pair"
          ]
        }
      ]
    }
  ],
  "check_results": null
}
